// !$*UTF8*$!
{
	archiveVersion = 1;
	classes = {
	};
	objectVersion = 55;
	objects = {

/* Begin PBXBuildFile section */
		A0135682284394E20018A4A5 /* SwitfUI_ClockApp.swift in Sources */ = {isa = PBXBuildFile; fileRef = A0135681284394E20018A4A5 /* SwitfUI_ClockApp.swift */; };
		A0135686284394E40018A4A5 /* Assets.xcassets in Resources */ = {isa = PBXBuildFile; fileRef = A0135685284394E40018A4A5 /* Assets.xcassets */; };
		A0135689284394E40018A4A5 /* Preview Assets.xcassets in Resources */ = {isa = PBXBuildFile; fileRef = A0135688284394E40018A4A5 /* Preview Assets.xcassets */; };
		A0135690284395090018A4A5 /* DigitalClockView.swift in Sources */ = {isa = PBXBuildFile; fileRef = A013568F284395090018A4A5 /* DigitalClockView.swift */; };
		A0C9A3952ADDEE0C002ADE8A /* WidgetKit.framework in Frameworks */ = {isa = PBXBuildFile; fileRef = A0EB533B2AAED448005CDAF1 /* WidgetKit.framework */; };
		A0C9A3962ADDEE0C002ADE8A /* SwiftUI.framework in Frameworks */ = {isa = PBXBuildFile; fileRef = A0EB533D2AAED448005CDAF1 /* SwiftUI.framework */; };
		A0C9A3992ADDEE0C002ADE8A /* SwiftUIClockExtWidgetBundle.swift in Sources */ = {isa = PBXBuildFile; fileRef = A0C9A3982ADDEE0C002ADE8A /* SwiftUIClockExtWidgetBundle.swift */; };
		A0C9A39B2ADDEE0C002ADE8A /* SwiftUIClockExtWidget.swift in Sources */ = {isa = PBXBuildFile; fileRef = A0C9A39A2ADDEE0C002ADE8A /* SwiftUIClockExtWidget.swift */; };
		A0C9A39D2ADDEE0C002ADE8A /* AppIntent.swift in Sources */ = {isa = PBXBuildFile; fileRef = A0C9A39C2ADDEE0C002ADE8A /* AppIntent.swift */; };
		A0C9A39F2ADDEE0D002ADE8A /* Assets.xcassets in Resources */ = {isa = PBXBuildFile; fileRef = A0C9A39E2ADDEE0D002ADE8A /* Assets.xcassets */; };
		A0C9A3A32ADDEE0D002ADE8A /* SwiftUIClockExtWidgetExtension.appex in Embed Foundation Extensions */ = {isa = PBXBuildFile; fileRef = A0C9A3942ADDEE0C002ADE8A /* SwiftUIClockExtWidgetExtension.appex */; settings = {ATTRIBUTES = (RemoveHeadersOnCopy, ); }; };
		A0C9A3AD2ADE013D002ADE8A /* SwiftUIClockView.swift in Sources */ = {isa = PBXBuildFile; fileRef = A0C9A3AC2ADE013D002ADE8A /* SwiftUIClockView.swift */; };
		A0C9A3AF2ADE0BF4002ADE8A /* Fonts in Resources */ = {isa = PBXBuildFile; fileRef = A0C9A3AE2ADE0BF4002ADE8A /* Fonts */; };
		A0C9A3B02ADE0C2A002ADE8A /* Chalkboard.ttc in Resources */ = {isa = PBXBuildFile; fileRef = A0E279062AB1474400F0662B /* Chalkboard.ttc */; };
		A0C9A3B12ADE0C2E002ADE8A /* Cochin.ttc in Resources */ = {isa = PBXBuildFile; fileRef = A0F027182AB143D7003DC440 /* Cochin.ttc */; };
		A0E279072AB1474400F0662B /* Chalkboard.ttc in Resources */ = {isa = PBXBuildFile; fileRef = A0E279062AB1474400F0662B /* Chalkboard.ttc */; };
		A0EC0AAE286DDAD400E89E0F /* SwitfUI_ClockUITests.swift in Sources */ = {isa = PBXBuildFile; fileRef = A0EC0AAD286DDAD400E89E0F /* SwitfUI_ClockUITests.swift */; };
		A0EC0AB0286DDAD400E89E0F /* SwitfUI_ClockUITestsLaunchTests.swift in Sources */ = {isa = PBXBuildFile; fileRef = A0EC0AAF286DDAD400E89E0F /* SwitfUI_ClockUITestsLaunchTests.swift */; };
		A0F71BF2286DAEB600723A1C /* AnalogClockView.swift in Sources */ = {isa = PBXBuildFile; fileRef = A0F71BF1286DAEB600723A1C /* AnalogClockView.swift */; };
		A0F71BF4286DAEEA00723A1C /* ClockUtils.swift in Sources */ = {isa = PBXBuildFile; fileRef = A0F71BF3286DAEEA00723A1C /* ClockUtils.swift */; };
		A0F71BFC286DAF0A00723A1C /* SwitfUI_ClockTests.swift in Sources */ = {isa = PBXBuildFile; fileRef = A0F71BFB286DAF0A00723A1C /* SwitfUI_ClockTests.swift */; };
/* End PBXBuildFile section */

/* Begin PBXContainerItemProxy section */
		A0C9A3A12ADDEE0D002ADE8A /* PBXContainerItemProxy */ = {
			isa = PBXContainerItemProxy;
			containerPortal = A0135676284394E20018A4A5 /* Project object */;
			proxyType = 1;
			remoteGlobalIDString = A0C9A3932ADDEE0C002ADE8A;
			remoteInfo = SwiftUIClockExtWidgetExtension;
		};
		A0EC0AB1286DDAD400E89E0F /* PBXContainerItemProxy */ = {
			isa = PBXContainerItemProxy;
			containerPortal = A0135676284394E20018A4A5 /* Project object */;
			proxyType = 1;
			remoteGlobalIDString = A013567D284394E20018A4A5;
			remoteInfo = "SwitfUI Clock";
		};
		A0F71BFD286DAF0A00723A1C /* PBXContainerItemProxy */ = {
			isa = PBXContainerItemProxy;
			containerPortal = A0135676284394E20018A4A5 /* Project object */;
			proxyType = 1;
			remoteGlobalIDString = A013567D284394E20018A4A5;
			remoteInfo = "SwitfUI Clock";
		};
/* End PBXContainerItemProxy section */

/* Begin PBXCopyFilesBuildPhase section */
		A0EB534A2AAED44A005CDAF1 /* Embed Foundation Extensions */ = {
			isa = PBXCopyFilesBuildPhase;
			buildActionMask = 2147483647;
			dstPath = "";
			dstSubfolderSpec = 13;
			files = (
				A0C9A3A32ADDEE0D002ADE8A /* SwiftUIClockExtWidgetExtension.appex in Embed Foundation Extensions */,
			);
			name = "Embed Foundation Extensions";
			runOnlyForDeploymentPostprocessing = 0;
		};
/* End PBXCopyFilesBuildPhase section */

/* Begin PBXFileReference section */
		A013567E284394E20018A4A5 /* SwitfUI Clock.app */ = {isa = PBXFileReference; explicitFileType = wrapper.application; includeInIndex = 0; path = "SwitfUI Clock.app"; sourceTree = BUILT_PRODUCTS_DIR; };
		A0135681284394E20018A4A5 /* SwitfUI_ClockApp.swift */ = {isa = PBXFileReference; lastKnownFileType = sourcecode.swift; path = SwitfUI_ClockApp.swift; sourceTree = "<group>"; };
		A0135685284394E40018A4A5 /* Assets.xcassets */ = {isa = PBXFileReference; lastKnownFileType = folder.assetcatalog; path = Assets.xcassets; sourceTree = "<group>"; };
		A0135688284394E40018A4A5 /* Preview Assets.xcassets */ = {isa = PBXFileReference; lastKnownFileType = folder.assetcatalog; path = "Preview Assets.xcassets"; sourceTree = "<group>"; };
		A013568F284395090018A4A5 /* DigitalClockView.swift */ = {isa = PBXFileReference; fileEncoding = 4; lastKnownFileType = sourcecode.swift; path = DigitalClockView.swift; sourceTree = "<group>"; };
		A077D5202AAFF66C0058F4BF /* SwiftUICalendarWidgetBundle.swift */ = {isa = PBXFileReference; lastKnownFileType = sourcecode.swift; path = SwiftUICalendarWidgetBundle.swift; sourceTree = "<group>"; };
		A077D5222AAFF66C0058F4BF /* SwiftUICalendarWidget.swift */ = {isa = PBXFileReference; lastKnownFileType = sourcecode.swift; path = SwiftUICalendarWidget.swift; sourceTree = "<group>"; };
		A077D5242AAFF66E0058F4BF /* Assets.xcassets */ = {isa = PBXFileReference; lastKnownFileType = folder.assetcatalog; path = Assets.xcassets; sourceTree = "<group>"; };
		A077D5262AAFF66E0058F4BF /* Info.plist */ = {isa = PBXFileReference; lastKnownFileType = text.plist.xml; path = Info.plist; sourceTree = "<group>"; };
		A0C9A3942ADDEE0C002ADE8A /* SwiftUIClockExtWidgetExtension.appex */ = {isa = PBXFileReference; explicitFileType = "wrapper.app-extension"; includeInIndex = 0; path = SwiftUIClockExtWidgetExtension.appex; sourceTree = BUILT_PRODUCTS_DIR; };
		A0C9A3982ADDEE0C002ADE8A /* SwiftUIClockExtWidgetBundle.swift */ = {isa = PBXFileReference; lastKnownFileType = sourcecode.swift; path = SwiftUIClockExtWidgetBundle.swift; sourceTree = "<group>"; };
		A0C9A39A2ADDEE0C002ADE8A /* SwiftUIClockExtWidget.swift */ = {isa = PBXFileReference; lastKnownFileType = sourcecode.swift; path = SwiftUIClockExtWidget.swift; sourceTree = "<group>"; };
		A0C9A39C2ADDEE0C002ADE8A /* AppIntent.swift */ = {isa = PBXFileReference; lastKnownFileType = sourcecode.swift; path = AppIntent.swift; sourceTree = "<group>"; };
		A0C9A39E2ADDEE0D002ADE8A /* Assets.xcassets */ = {isa = PBXFileReference; lastKnownFileType = folder.assetcatalog; path = Assets.xcassets; sourceTree = "<group>"; };
		A0C9A3A02ADDEE0D002ADE8A /* Info.plist */ = {isa = PBXFileReference; lastKnownFileType = text.plist.xml; path = Info.plist; sourceTree = "<group>"; };
		A0C9A3AC2ADE013D002ADE8A /* SwiftUIClockView.swift */ = {isa = PBXFileReference; lastKnownFileType = sourcecode.swift; path = SwiftUIClockView.swift; sourceTree = "<group>"; };
		A0C9A3AE2ADE0BF4002ADE8A /* Fonts */ = {isa = PBXFileReference; lastKnownFileType = folder; path = Fonts; sourceTree = "<group>"; };
		A0E279062AB1474400F0662B /* Chalkboard.ttc */ = {isa = PBXFileReference; lastKnownFileType = file; path = Chalkboard.ttc; sourceTree = "<group>"; };
		A0EB533B2AAED448005CDAF1 /* WidgetKit.framework */ = {isa = PBXFileReference; lastKnownFileType = wrapper.framework; name = WidgetKit.framework; path = System/Library/Frameworks/WidgetKit.framework; sourceTree = SDKROOT; };
		A0EB533D2AAED448005CDAF1 /* SwiftUI.framework */ = {isa = PBXFileReference; lastKnownFileType = wrapper.framework; name = SwiftUI.framework; path = System/Library/Frameworks/SwiftUI.framework; sourceTree = SDKROOT; };
		A0EB538B2AAEDB05005CDAF1 /* SwiftUIClockWidget.swift */ = {isa = PBXFileReference; lastKnownFileType = sourcecode.swift; name = SwiftUIClockWidget.swift; path = ../SwiftUIClockWidget/SwiftUIClockWidget.swift; sourceTree = "<group>"; };
		A0EC0AAB286DDAD400E89E0F /* SwitfUI ClockUITests.xctest */ = {isa = PBXFileReference; explicitFileType = wrapper.cfbundle; includeInIndex = 0; path = "SwitfUI ClockUITests.xctest"; sourceTree = BUILT_PRODUCTS_DIR; };
		A0EC0AAD286DDAD400E89E0F /* SwitfUI_ClockUITests.swift */ = {isa = PBXFileReference; lastKnownFileType = sourcecode.swift; path = SwitfUI_ClockUITests.swift; sourceTree = "<group>"; };
		A0EC0AAF286DDAD400E89E0F /* SwitfUI_ClockUITestsLaunchTests.swift */ = {isa = PBXFileReference; lastKnownFileType = sourcecode.swift; path = SwitfUI_ClockUITestsLaunchTests.swift; sourceTree = "<group>"; };
		A0F027182AB143D7003DC440 /* Cochin.ttc */ = {isa = PBXFileReference; lastKnownFileType = file; path = Cochin.ttc; sourceTree = "<group>"; };
		A0F71BF1286DAEB600723A1C /* AnalogClockView.swift */ = {isa = PBXFileReference; fileEncoding = 4; lastKnownFileType = sourcecode.swift; path = AnalogClockView.swift; sourceTree = "<group>"; };
		A0F71BF3286DAEEA00723A1C /* ClockUtils.swift */ = {isa = PBXFileReference; fileEncoding = 4; lastKnownFileType = sourcecode.swift; path = ClockUtils.swift; sourceTree = "<group>"; };
		A0F71BF9286DAF0A00723A1C /* SwitfUI ClockTests.xctest */ = {isa = PBXFileReference; explicitFileType = wrapper.cfbundle; includeInIndex = 0; path = "SwitfUI ClockTests.xctest"; sourceTree = BUILT_PRODUCTS_DIR; };
		A0F71BFB286DAF0A00723A1C /* SwitfUI_ClockTests.swift */ = {isa = PBXFileReference; lastKnownFileType = sourcecode.swift; path = SwitfUI_ClockTests.swift; sourceTree = "<group>"; };
/* End PBXFileReference section */

/* Begin PBXFrameworksBuildPhase section */
		A013567B284394E20018A4A5 /* Frameworks */ = {
			isa = PBXFrameworksBuildPhase;
			buildActionMask = 2147483647;
			files = (
			);
			runOnlyForDeploymentPostprocessing = 0;
		};
		A0C9A3912ADDEE0C002ADE8A /* Frameworks */ = {
			isa = PBXFrameworksBuildPhase;
			buildActionMask = 2147483647;
			files = (
				A0C9A3962ADDEE0C002ADE8A /* SwiftUI.framework in Frameworks */,
				A0C9A3952ADDEE0C002ADE8A /* WidgetKit.framework in Frameworks */,
			);
			runOnlyForDeploymentPostprocessing = 0;
		};
		A0EC0AA8286DDAD400E89E0F /* Frameworks */ = {
			isa = PBXFrameworksBuildPhase;
			buildActionMask = 2147483647;
			files = (
			);
			runOnlyForDeploymentPostprocessing = 0;
		};
		A0F71BF6286DAF0A00723A1C /* Frameworks */ = {
			isa = PBXFrameworksBuildPhase;
			buildActionMask = 2147483647;
			files = (
			);
			runOnlyForDeploymentPostprocessing = 0;
		};
/* End PBXFrameworksBuildPhase section */

/* Begin PBXGroup section */
		A0135675284394E20018A4A5 = {
			isa = PBXGroup;
			children = (
				A0C9A3AE2ADE0BF4002ADE8A /* Fonts */,
				A0135680284394E20018A4A5 /* SwitfUI Clock */,
				A0F71BFA286DAF0A00723A1C /* SwitfUI ClockTests */,
				A0EC0AAC286DDAD400E89E0F /* SwitfUI ClockUITests */,
				A077D51F2AAFF66C0058F4BF /* SwiftUICalendarWidget */,
				A0C9A3972ADDEE0C002ADE8A /* SwiftUIClockExtWidget */,
				A0EB533A2AAED448005CDAF1 /* Frameworks */,
				A013567F284394E20018A4A5 /* Products */,
			);
			sourceTree = "<group>";
		};
		A013567F284394E20018A4A5 /* Products */ = {
			isa = PBXGroup;
			children = (
				A013567E284394E20018A4A5 /* SwitfUI Clock.app */,
				A0F71BF9286DAF0A00723A1C /* SwitfUI ClockTests.xctest */,
				A0EC0AAB286DDAD400E89E0F /* SwitfUI ClockUITests.xctest */,
				A0C9A3942ADDEE0C002ADE8A /* SwiftUIClockExtWidgetExtension.appex */,
			);
			name = Products;
			sourceTree = "<group>";
		};
		A0135680284394E20018A4A5 /* SwitfUI Clock */ = {
			isa = PBXGroup;
			children = (
				A0F71BF1286DAEB600723A1C /* AnalogClockView.swift */,
				A0135681284394E20018A4A5 /* SwitfUI_ClockApp.swift */,
				A013568F284395090018A4A5 /* DigitalClockView.swift */,
				A0F71BF3286DAEEA00723A1C /* ClockUtils.swift */,
				A0135685284394E40018A4A5 /* Assets.xcassets */,
				A0135687284394E40018A4A5 /* Preview Content */,
			);
			path = "SwitfUI Clock";
			sourceTree = "<group>";
		};
		A0135687284394E40018A4A5 /* Preview Content */ = {
			isa = PBXGroup;
			children = (
				A0135688284394E40018A4A5 /* Preview Assets.xcassets */,
			);
			path = "Preview Content";
			sourceTree = "<group>";
		};
		A077D51F2AAFF66C0058F4BF /* SwiftUICalendarWidget */ = {
			isa = PBXGroup;
			children = (
				A077D5202AAFF66C0058F4BF /* SwiftUICalendarWidgetBundle.swift */,
				A0EB538B2AAEDB05005CDAF1 /* SwiftUIClockWidget.swift */,
				A077D5222AAFF66C0058F4BF /* SwiftUICalendarWidget.swift */,
				A0F027172AB143D0003DC440 /* Fonts */,
				A077D5242AAFF66E0058F4BF /* Assets.xcassets */,
				A077D5262AAFF66E0058F4BF /* Info.plist */,
			);
			path = SwiftUICalendarWidget;
			sourceTree = "<group>";
		};
		A0C9A3972ADDEE0C002ADE8A /* SwiftUIClockExtWidget */ = {
			isa = PBXGroup;
			children = (
				A0C9A3982ADDEE0C002ADE8A /* SwiftUIClockExtWidgetBundle.swift */,
				A0C9A39A2ADDEE0C002ADE8A /* SwiftUIClockExtWidget.swift */,
				A0C9A3AC2ADE013D002ADE8A /* SwiftUIClockView.swift */,
				A0C9A39C2ADDEE0C002ADE8A /* AppIntent.swift */,
				A0C9A39E2ADDEE0D002ADE8A /* Assets.xcassets */,
				A0C9A3A02ADDEE0D002ADE8A /* Info.plist */,
			);
			path = SwiftUIClockExtWidget;
			sourceTree = "<group>";
		};
		A0EB533A2AAED448005CDAF1 /* Frameworks */ = {
			isa = PBXGroup;
			children = (
				A0EB533B2AAED448005CDAF1 /* WidgetKit.framework */,
				A0EB533D2AAED448005CDAF1 /* SwiftUI.framework */,
			);
			name = Frameworks;
			sourceTree = "<group>";
		};
		A0EC0AAC286DDAD400E89E0F /* SwitfUI ClockUITests */ = {
			isa = PBXGroup;
			children = (
				A0EC0AAD286DDAD400E89E0F /* SwitfUI_ClockUITests.swift */,
				A0EC0AAF286DDAD400E89E0F /* SwitfUI_ClockUITestsLaunchTests.swift */,
			);
			path = "SwitfUI ClockUITests";
			sourceTree = "<group>";
		};
		A0F027172AB143D0003DC440 /* Fonts */ = {
			isa = PBXGroup;
			children = (
				A0E279062AB1474400F0662B /* Chalkboard.ttc */,
				A0F027182AB143D7003DC440 /* Cochin.ttc */,
			);
			name = Fonts;
			path = "/Users/richardlam/Dev/SwitfUI-Clock/SwiftUICalendarWidget/Fonts";
			sourceTree = "<absolute>";
		};
		A0F71BFA286DAF0A00723A1C /* SwitfUI ClockTests */ = {
			isa = PBXGroup;
			children = (
				A0F71BFB286DAF0A00723A1C /* SwitfUI_ClockTests.swift */,
			);
			path = "SwitfUI ClockTests";
			sourceTree = "<group>";
		};
/* End PBXGroup section */

/* Begin PBXNativeTarget section */
		A013567D284394E20018A4A5 /* SwitfUI Clock */ = {
			isa = PBXNativeTarget;
			buildConfigurationList = A013568C284394E40018A4A5 /* Build configuration list for PBXNativeTarget "SwitfUI Clock" */;
			buildPhases = (
				A013567A284394E20018A4A5 /* Sources */,
				A013567B284394E20018A4A5 /* Frameworks */,
				A013567C284394E20018A4A5 /* Resources */,
				A0EB534A2AAED44A005CDAF1 /* Embed Foundation Extensions */,
			);
			buildRules = (
			);
			dependencies = (
				A0C9A3A22ADDEE0D002ADE8A /* PBXTargetDependency */,
			);
			name = "SwitfUI Clock";
			productName = "SwitfUI Clock";
			productReference = A013567E284394E20018A4A5 /* SwitfUI Clock.app */;
			productType = "com.apple.product-type.application";
		};
		A0C9A3932ADDEE0C002ADE8A /* SwiftUIClockExtWidgetExtension */ = {
			isa = PBXNativeTarget;
			buildConfigurationList = A0C9A3A42ADDEE0D002ADE8A /* Build configuration list for PBXNativeTarget "SwiftUIClockExtWidgetExtension" */;
			buildPhases = (
				A0C9A3902ADDEE0C002ADE8A /* Sources */,
				A0C9A3912ADDEE0C002ADE8A /* Frameworks */,
				A0C9A3922ADDEE0C002ADE8A /* Resources */,
			);
			buildRules = (
			);
			dependencies = (
			);
			name = SwiftUIClockExtWidgetExtension;
			productName = SwiftUIClockExtWidgetExtension;
			productReference = A0C9A3942ADDEE0C002ADE8A /* SwiftUIClockExtWidgetExtension.appex */;
			productType = "com.apple.product-type.app-extension";
		};
		A0EC0AAA286DDAD400E89E0F /* SwitfUI ClockUITests */ = {
			isa = PBXNativeTarget;
			buildConfigurationList = A0EC0AB5286DDAD400E89E0F /* Build configuration list for PBXNativeTarget "SwitfUI ClockUITests" */;
			buildPhases = (
				A0EC0AA7286DDAD400E89E0F /* Sources */,
				A0EC0AA8286DDAD400E89E0F /* Frameworks */,
				A0EC0AA9286DDAD400E89E0F /* Resources */,
			);
			buildRules = (
			);
			dependencies = (
				A0EC0AB2286DDAD400E89E0F /* PBXTargetDependency */,
			);
			name = "SwitfUI ClockUITests";
			productName = "SwitfUI ClockUITests";
			productReference = A0EC0AAB286DDAD400E89E0F /* SwitfUI ClockUITests.xctest */;
			productType = "com.apple.product-type.bundle.ui-testing";
		};
		A0F71BF8286DAF0A00723A1C /* SwitfUI ClockTests */ = {
			isa = PBXNativeTarget;
			buildConfigurationList = A0F71BFF286DAF0A00723A1C /* Build configuration list for PBXNativeTarget "SwitfUI ClockTests" */;
			buildPhases = (
				A0F71BF5286DAF0A00723A1C /* Sources */,
				A0F71BF6286DAF0A00723A1C /* Frameworks */,
				A0F71BF7286DAF0A00723A1C /* Resources */,
			);
			buildRules = (
			);
			dependencies = (
				A0F71BFE286DAF0A00723A1C /* PBXTargetDependency */,
			);
			name = "SwitfUI ClockTests";
			productName = "SwitfUI ClockTests";
			productReference = A0F71BF9286DAF0A00723A1C /* SwitfUI ClockTests.xctest */;
			productType = "com.apple.product-type.bundle.unit-test";
		};
/* End PBXNativeTarget section */

/* Begin PBXProject section */
		A0135676284394E20018A4A5 /* Project object */ = {
			isa = PBXProject;
			attributes = {
				BuildIndependentTargetsInParallel = 1;
				LastSwiftUpdateCheck = 1500;
				LastUpgradeCheck = 1500;
				TargetAttributes = {
					A013567D284394E20018A4A5 = {
						CreatedOnToolsVersion = 13.4;
					};
					A0C9A3932ADDEE0C002ADE8A = {
						CreatedOnToolsVersion = 15.0;
					};
					A0EC0AAA286DDAD400E89E0F = {
						CreatedOnToolsVersion = 13.4;
						TestTargetID = A013567D284394E20018A4A5;
					};
					A0F71BF8286DAF0A00723A1C = {
						CreatedOnToolsVersion = 13.4;
						TestTargetID = A013567D284394E20018A4A5;
					};
				};
			};
			buildConfigurationList = A0135679284394E20018A4A5 /* Build configuration list for PBXProject "SwitfUI Clock" */;
			compatibilityVersion = "Xcode 13.0";
			developmentRegion = en;
			hasScannedForEncodings = 0;
			knownRegions = (
				en,
				Base,
			);
			mainGroup = A0135675284394E20018A4A5;
			productRefGroup = A013567F284394E20018A4A5 /* Products */;
			projectDirPath = "";
			projectRoot = "";
			targets = (
				A013567D284394E20018A4A5 /* SwitfUI Clock */,
				A0F71BF8286DAF0A00723A1C /* SwitfUI ClockTests */,
				A0EC0AAA286DDAD400E89E0F /* SwitfUI ClockUITests */,
				A0C9A3932ADDEE0C002ADE8A /* SwiftUIClockExtWidgetExtension */,
			);
		};
/* End PBXProject section */

/* Begin PBXResourcesBuildPhase section */
		A013567C284394E20018A4A5 /* Resources */ = {
			isa = PBXResourcesBuildPhase;
			buildActionMask = 2147483647;
			files = (
				A0135689284394E40018A4A5 /* Preview Assets.xcassets in Resources */,
				A0E279072AB1474400F0662B /* Chalkboard.ttc in Resources */,
				A0135686284394E40018A4A5 /* Assets.xcassets in Resources */,
			);
			runOnlyForDeploymentPostprocessing = 0;
		};
		A0C9A3922ADDEE0C002ADE8A /* Resources */ = {
			isa = PBXResourcesBuildPhase;
			buildActionMask = 2147483647;
			files = (
				A0C9A39F2ADDEE0D002ADE8A /* Assets.xcassets in Resources */,
				A0C9A3B02ADE0C2A002ADE8A /* Chalkboard.ttc in Resources */,
				A0C9A3AF2ADE0BF4002ADE8A /* Fonts in Resources */,
				A0C9A3B12ADE0C2E002ADE8A /* Cochin.ttc in Resources */,
			);
			runOnlyForDeploymentPostprocessing = 0;
		};
		A0EC0AA9286DDAD400E89E0F /* Resources */ = {
			isa = PBXResourcesBuildPhase;
			buildActionMask = 2147483647;
			files = (
			);
			runOnlyForDeploymentPostprocessing = 0;
		};
		A0F71BF7286DAF0A00723A1C /* Resources */ = {
			isa = PBXResourcesBuildPhase;
			buildActionMask = 2147483647;
			files = (
			);
			runOnlyForDeploymentPostprocessing = 0;
		};
/* End PBXResourcesBuildPhase section */

/* Begin PBXSourcesBuildPhase section */
		A013567A284394E20018A4A5 /* Sources */ = {
			isa = PBXSourcesBuildPhase;
			buildActionMask = 2147483647;
			files = (
				A0F71BF4286DAEEA00723A1C /* ClockUtils.swift in Sources */,
				A0F71BF2286DAEB600723A1C /* AnalogClockView.swift in Sources */,
				A0135690284395090018A4A5 /* DigitalClockView.swift in Sources */,
				A0135682284394E20018A4A5 /* SwitfUI_ClockApp.swift in Sources */,
			);
			runOnlyForDeploymentPostprocessing = 0;
		};
		A0C9A3902ADDEE0C002ADE8A /* Sources */ = {
			isa = PBXSourcesBuildPhase;
			buildActionMask = 2147483647;
			files = (
				A0C9A39B2ADDEE0C002ADE8A /* SwiftUIClockExtWidget.swift in Sources */,
				A0C9A3992ADDEE0C002ADE8A /* SwiftUIClockExtWidgetBundle.swift in Sources */,
				A0C9A39D2ADDEE0C002ADE8A /* AppIntent.swift in Sources */,
				A0C9A3AD2ADE013D002ADE8A /* SwiftUIClockView.swift in Sources */,
			);
			runOnlyForDeploymentPostprocessing = 0;
		};
		A0EC0AA7286DDAD400E89E0F /* Sources */ = {
			isa = PBXSourcesBuildPhase;
			buildActionMask = 2147483647;
			files = (
				A0EC0AAE286DDAD400E89E0F /* SwitfUI_ClockUITests.swift in Sources */,
				A0EC0AB0286DDAD400E89E0F /* SwitfUI_ClockUITestsLaunchTests.swift in Sources */,
			);
			runOnlyForDeploymentPostprocessing = 0;
		};
		A0F71BF5286DAF0A00723A1C /* Sources */ = {
			isa = PBXSourcesBuildPhase;
			buildActionMask = 2147483647;
			files = (
				A0F71BFC286DAF0A00723A1C /* SwitfUI_ClockTests.swift in Sources */,
			);
			runOnlyForDeploymentPostprocessing = 0;
		};
/* End PBXSourcesBuildPhase section */

/* Begin PBXTargetDependency section */
		A0C9A3A22ADDEE0D002ADE8A /* PBXTargetDependency */ = {
			isa = PBXTargetDependency;
			target = A0C9A3932ADDEE0C002ADE8A /* SwiftUIClockExtWidgetExtension */;
			targetProxy = A0C9A3A12ADDEE0D002ADE8A /* PBXContainerItemProxy */;
		};
		A0EC0AB2286DDAD400E89E0F /* PBXTargetDependency */ = {
			isa = PBXTargetDependency;
			target = A013567D284394E20018A4A5 /* SwitfUI Clock */;
			targetProxy = A0EC0AB1286DDAD400E89E0F /* PBXContainerItemProxy */;
		};
		A0F71BFE286DAF0A00723A1C /* PBXTargetDependency */ = {
			isa = PBXTargetDependency;
			target = A013567D284394E20018A4A5 /* SwitfUI Clock */;
			targetProxy = A0F71BFD286DAF0A00723A1C /* PBXContainerItemProxy */;
		};
/* End PBXTargetDependency section */

/* Begin XCBuildConfiguration section */
		A013568A284394E40018A4A5 /* Debug */ = {
			isa = XCBuildConfiguration;
			buildSettings = {
				ALWAYS_SEARCH_USER_PATHS = NO;
				ASSETCATALOG_COMPILER_GENERATE_SWIFT_ASSET_SYMBOL_EXTENSIONS = YES;
				CLANG_ANALYZER_NONNULL = YES;
				CLANG_ANALYZER_NUMBER_OBJECT_CONVERSION = YES_AGGRESSIVE;
				CLANG_CXX_LANGUAGE_STANDARD = "gnu++17";
				CLANG_ENABLE_MODULES = YES;
				CLANG_ENABLE_OBJC_ARC = YES;
				CLANG_ENABLE_OBJC_WEAK = YES;
				CLANG_WARN_BLOCK_CAPTURE_AUTORELEASING = YES;
				CLANG_WARN_BOOL_CONVERSION = YES;
				CLANG_WARN_COMMA = YES;
				CLANG_WARN_CONSTANT_CONVERSION = YES;
				CLANG_WARN_DEPRECATED_OBJC_IMPLEMENTATIONS = YES;
				CLANG_WARN_DIRECT_OBJC_ISA_USAGE = YES_ERROR;
				CLANG_WARN_DOCUMENTATION_COMMENTS = YES;
				CLANG_WARN_EMPTY_BODY = YES;
				CLANG_WARN_ENUM_CONVERSION = YES;
				CLANG_WARN_INFINITE_RECURSION = YES;
				CLANG_WARN_INT_CONVERSION = YES;
				CLANG_WARN_NON_LITERAL_NULL_CONVERSION = YES;
				CLANG_WARN_OBJC_IMPLICIT_RETAIN_SELF = YES;
				CLANG_WARN_OBJC_LITERAL_CONVERSION = YES;
				CLANG_WARN_OBJC_ROOT_CLASS = YES_ERROR;
				CLANG_WARN_QUOTED_INCLUDE_IN_FRAMEWORK_HEADER = YES;
				CLANG_WARN_RANGE_LOOP_ANALYSIS = YES;
				CLANG_WARN_STRICT_PROTOTYPES = YES;
				CLANG_WARN_SUSPICIOUS_MOVE = YES;
				CLANG_WARN_UNGUARDED_AVAILABILITY = YES_AGGRESSIVE;
				CLANG_WARN_UNREACHABLE_CODE = YES;
				CLANG_WARN__DUPLICATE_METHOD_MATCH = YES;
				COPY_PHASE_STRIP = NO;
				DEBUG_INFORMATION_FORMAT = dwarf;
				ENABLE_STRICT_OBJC_MSGSEND = YES;
				ENABLE_TESTABILITY = YES;
				GCC_C_LANGUAGE_STANDARD = gnu11;
				GCC_DYNAMIC_NO_PIC = NO;
				GCC_NO_COMMON_BLOCKS = YES;
				GCC_OPTIMIZATION_LEVEL = 0;
				GCC_PREPROCESSOR_DEFINITIONS = (
					"DEBUG=1",
					"$(inherited)",
				);
				GCC_WARN_64_TO_32_BIT_CONVERSION = YES;
				GCC_WARN_ABOUT_RETURN_TYPE = YES_ERROR;
				GCC_WARN_UNDECLARED_SELECTOR = YES;
				GCC_WARN_UNINITIALIZED_AUTOS = YES_AGGRESSIVE;
				GCC_WARN_UNUSED_FUNCTION = YES;
				GCC_WARN_UNUSED_VARIABLE = YES;
				IPHONEOS_DEPLOYMENT_TARGET = 17.0;
				MTL_ENABLE_DEBUG_INFO = INCLUDE_SOURCE;
				MTL_FAST_MATH = YES;
				ONLY_ACTIVE_ARCH = YES;
				SDKROOT = iphoneos;
				SWIFT_ACTIVE_COMPILATION_CONDITIONS = DEBUG;
				SWIFT_OPTIMIZATION_LEVEL = "-Onone";
				TARGETED_DEVICE_FAMILY = "1,2";
			};
			name = Debug;
		};
		A013568B284394E40018A4A5 /* Release */ = {
			isa = XCBuildConfiguration;
			buildSettings = {
				ALWAYS_SEARCH_USER_PATHS = NO;
				ASSETCATALOG_COMPILER_GENERATE_SWIFT_ASSET_SYMBOL_EXTENSIONS = YES;
				CLANG_ANALYZER_NONNULL = YES;
				CLANG_ANALYZER_NUMBER_OBJECT_CONVERSION = YES_AGGRESSIVE;
				CLANG_CXX_LANGUAGE_STANDARD = "gnu++17";
				CLANG_ENABLE_MODULES = YES;
				CLANG_ENABLE_OBJC_ARC = YES;
				CLANG_ENABLE_OBJC_WEAK = YES;
				CLANG_WARN_BLOCK_CAPTURE_AUTORELEASING = YES;
				CLANG_WARN_BOOL_CONVERSION = YES;
				CLANG_WARN_COMMA = YES;
				CLANG_WARN_CONSTANT_CONVERSION = YES;
				CLANG_WARN_DEPRECATED_OBJC_IMPLEMENTATIONS = YES;
				CLANG_WARN_DIRECT_OBJC_ISA_USAGE = YES_ERROR;
				CLANG_WARN_DOCUMENTATION_COMMENTS = YES;
				CLANG_WARN_EMPTY_BODY = YES;
				CLANG_WARN_ENUM_CONVERSION = YES;
				CLANG_WARN_INFINITE_RECURSION = YES;
				CLANG_WARN_INT_CONVERSION = YES;
				CLANG_WARN_NON_LITERAL_NULL_CONVERSION = YES;
				CLANG_WARN_OBJC_IMPLICIT_RETAIN_SELF = YES;
				CLANG_WARN_OBJC_LITERAL_CONVERSION = YES;
				CLANG_WARN_OBJC_ROOT_CLASS = YES_ERROR;
				CLANG_WARN_QUOTED_INCLUDE_IN_FRAMEWORK_HEADER = YES;
				CLANG_WARN_RANGE_LOOP_ANALYSIS = YES;
				CLANG_WARN_STRICT_PROTOTYPES = YES;
				CLANG_WARN_SUSPICIOUS_MOVE = YES;
				CLANG_WARN_UNGUARDED_AVAILABILITY = YES_AGGRESSIVE;
				CLANG_WARN_UNREACHABLE_CODE = YES;
				CLANG_WARN__DUPLICATE_METHOD_MATCH = YES;
				COPY_PHASE_STRIP = NO;
				DEBUG_INFORMATION_FORMAT = "dwarf-with-dsym";
				ENABLE_NS_ASSERTIONS = NO;
				ENABLE_STRICT_OBJC_MSGSEND = YES;
				GCC_C_LANGUAGE_STANDARD = gnu11;
				GCC_NO_COMMON_BLOCKS = YES;
				GCC_WARN_64_TO_32_BIT_CONVERSION = YES;
				GCC_WARN_ABOUT_RETURN_TYPE = YES_ERROR;
				GCC_WARN_UNDECLARED_SELECTOR = YES;
				GCC_WARN_UNINITIALIZED_AUTOS = YES_AGGRESSIVE;
				GCC_WARN_UNUSED_FUNCTION = YES;
				GCC_WARN_UNUSED_VARIABLE = YES;
				IPHONEOS_DEPLOYMENT_TARGET = 17.0;
				MTL_ENABLE_DEBUG_INFO = NO;
				MTL_FAST_MATH = YES;
				SDKROOT = iphoneos;
				SWIFT_COMPILATION_MODE = wholemodule;
				SWIFT_OPTIMIZATION_LEVEL = "-O";
				TARGETED_DEVICE_FAMILY = "1,2";
				VALIDATE_PRODUCT = YES;
			};
			name = Release;
		};
		A013568D284394E40018A4A5 /* Debug */ = {
			isa = XCBuildConfiguration;
			buildSettings = {
				ALWAYS_EMBED_SWIFT_STANDARD_LIBRARIES = YES;
				ASSETCATALOG_COMPILER_APPICON_NAME = AppIcon;
				ASSETCATALOG_COMPILER_GLOBAL_ACCENT_COLOR_NAME = AccentColor;
				CODE_SIGN_STYLE = Automatic;
				CURRENT_PROJECT_VERSION = 1;
				DEVELOPMENT_ASSET_PATHS = "\"SwitfUI Clock/Preview Content\"";
				DEVELOPMENT_TEAM = 2Y75AAKRC3;
				ENABLE_PREVIEWS = YES;
				GENERATE_INFOPLIST_FILE = YES;
				INFOPLIST_KEY_UIApplicationSceneManifest_Generation = YES;
				INFOPLIST_KEY_UIApplicationSupportsIndirectInputEvents = YES;
				INFOPLIST_KEY_UILaunchScreen_Generation = YES;
				INFOPLIST_KEY_UISupportedInterfaceOrientations_iPad = "UIInterfaceOrientationPortrait UIInterfaceOrientationPortraitUpsideDown UIInterfaceOrientationLandscapeLeft UIInterfaceOrientationLandscapeRight";
				INFOPLIST_KEY_UISupportedInterfaceOrientations_iPhone = "UIInterfaceOrientationPortrait UIInterfaceOrientationLandscapeLeft UIInterfaceOrientationLandscapeRight";
				LD_RUNPATH_SEARCH_PATHS = (
					"$(inherited)",
					"@executable_path/Frameworks",
				);
				MARKETING_VERSION = 1.0;
				PRODUCT_BUNDLE_IDENTIFIER = "au.com.nice.SwitfUI-Clock";
				PRODUCT_NAME = "$(TARGET_NAME)";
				SWIFT_EMIT_LOC_STRINGS = YES;
				SWIFT_VERSION = 5.0;
				TARGETED_DEVICE_FAMILY = "1,2";
			};
			name = Debug;
		};
		A013568E284394E40018A4A5 /* Release */ = {
			isa = XCBuildConfiguration;
			buildSettings = {
				ALWAYS_EMBED_SWIFT_STANDARD_LIBRARIES = YES;
				ASSETCATALOG_COMPILER_APPICON_NAME = AppIcon;
				ASSETCATALOG_COMPILER_GLOBAL_ACCENT_COLOR_NAME = AccentColor;
				CODE_SIGN_STYLE = Automatic;
				CURRENT_PROJECT_VERSION = 1;
				DEVELOPMENT_ASSET_PATHS = "\"SwitfUI Clock/Preview Content\"";
				DEVELOPMENT_TEAM = 2Y75AAKRC3;
				ENABLE_PREVIEWS = YES;
				GENERATE_INFOPLIST_FILE = YES;
				INFOPLIST_KEY_UIApplicationSceneManifest_Generation = YES;
				INFOPLIST_KEY_UIApplicationSupportsIndirectInputEvents = YES;
				INFOPLIST_KEY_UILaunchScreen_Generation = YES;
				INFOPLIST_KEY_UISupportedInterfaceOrientations_iPad = "UIInterfaceOrientationPortrait UIInterfaceOrientationPortraitUpsideDown UIInterfaceOrientationLandscapeLeft UIInterfaceOrientationLandscapeRight";
				INFOPLIST_KEY_UISupportedInterfaceOrientations_iPhone = "UIInterfaceOrientationPortrait UIInterfaceOrientationLandscapeLeft UIInterfaceOrientationLandscapeRight";
				LD_RUNPATH_SEARCH_PATHS = (
					"$(inherited)",
					"@executable_path/Frameworks",
				);
				MARKETING_VERSION = 1.0;
				PRODUCT_BUNDLE_IDENTIFIER = "au.com.nice.SwitfUI-Clock";
				PRODUCT_NAME = "$(TARGET_NAME)";
				SWIFT_EMIT_LOC_STRINGS = YES;
				SWIFT_VERSION = 5.0;
				TARGETED_DEVICE_FAMILY = "1,2";
			};
			name = Release;
		};
		A0C9A3A52ADDEE0D002ADE8A /* Debug */ = {
			isa = XCBuildConfiguration;
			buildSettings = {
				ASSETCATALOG_COMPILER_GENERATE_SWIFT_ASSET_SYMBOL_EXTENSIONS = YES;
				ASSETCATALOG_COMPILER_GLOBAL_ACCENT_COLOR_NAME = AccentColor;
				ASSETCATALOG_COMPILER_WIDGET_BACKGROUND_COLOR_NAME = WidgetBackground;
				CLANG_CXX_LANGUAGE_STANDARD = "gnu++20";
				CODE_SIGN_STYLE = Automatic;
				CURRENT_PROJECT_VERSION = 1;
				DEVELOPMENT_TEAM = 2Y75AAKRC3;
				ENABLE_USER_SCRIPT_SANDBOXING = YES;
				GCC_C_LANGUAGE_STANDARD = gnu17;
				GENERATE_INFOPLIST_FILE = YES;
				INFOPLIST_FILE = SwiftUIClockExtWidget/Info.plist;
				INFOPLIST_KEY_CFBundleDisplayName = SwiftUIClockExtWidget;
				INFOPLIST_KEY_NSHumanReadableCopyright = "";
				LD_RUNPATH_SEARCH_PATHS = (
					"$(inherited)",
					"@executable_path/Frameworks",
					"@executable_path/../../Frameworks",
				);
				LOCALIZATION_PREFERS_STRING_CATALOGS = YES;
				MARKETING_VERSION = 1.0;
				PRODUCT_BUNDLE_IDENTIFIER = "au.com.nice.SwitfUI-Clock.SwiftUIClockExtWidget";
				PRODUCT_NAME = "$(TARGET_NAME)";
				SKIP_INSTALL = YES;
				SUPPORTED_PLATFORMS = "iphoneos iphonesimulator";
				SUPPORTS_MACCATALYST = NO;
				SUPPORTS_MAC_DESIGNED_FOR_IPHONE_IPAD = NO;
				SWIFT_ACTIVE_COMPILATION_CONDITIONS = "DEBUG $(inherited)";
				SWIFT_EMIT_LOC_STRINGS = YES;
				SWIFT_VERSION = 5.0;
				TARGETED_DEVICE_FAMILY = "1,2,3";
			};
			name = Debug;
		};
		A0C9A3A62ADDEE0D002ADE8A /* Release */ = {
			isa = XCBuildConfiguration;
			buildSettings = {
				ASSETCATALOG_COMPILER_GENERATE_SWIFT_ASSET_SYMBOL_EXTENSIONS = YES;
				ASSETCATALOG_COMPILER_GLOBAL_ACCENT_COLOR_NAME = AccentColor;
				ASSETCATALOG_COMPILER_WIDGET_BACKGROUND_COLOR_NAME = WidgetBackground;
				CLANG_CXX_LANGUAGE_STANDARD = "gnu++20";
				CODE_SIGN_STYLE = Automatic;
				CURRENT_PROJECT_VERSION = 1;
				DEVELOPMENT_TEAM = 2Y75AAKRC3;
				ENABLE_USER_SCRIPT_SANDBOXING = YES;
				GCC_C_LANGUAGE_STANDARD = gnu17;
				GENERATE_INFOPLIST_FILE = YES;
				INFOPLIST_FILE = SwiftUIClockExtWidget/Info.plist;
				INFOPLIST_KEY_CFBundleDisplayName = SwiftUIClockExtWidget;
				INFOPLIST_KEY_NSHumanReadableCopyright = "";
				LD_RUNPATH_SEARCH_PATHS = (
					"$(inherited)",
					"@executable_path/Frameworks",
					"@executable_path/../../Frameworks",
				);
				LOCALIZATION_PREFERS_STRING_CATALOGS = YES;
				MARKETING_VERSION = 1.0;
				PRODUCT_BUNDLE_IDENTIFIER = "au.com.nice.SwitfUI-Clock.SwiftUIClockExtWidget";
				PRODUCT_NAME = "$(TARGET_NAME)";
				SKIP_INSTALL = YES;
				SUPPORTED_PLATFORMS = "iphoneos iphonesimulator";
				SUPPORTS_MACCATALYST = NO;
				SUPPORTS_MAC_DESIGNED_FOR_IPHONE_IPAD = NO;
				SWIFT_EMIT_LOC_STRINGS = YES;
				SWIFT_VERSION = 5.0;
				TARGETED_DEVICE_FAMILY = "1,2,3";
			};
			name = Release;
		};
		A0EC0AB3286DDAD400E89E0F /* Debug */ = {
			isa = XCBuildConfiguration;
			buildSettings = {
				CODE_SIGN_STYLE = Automatic;
				CURRENT_PROJECT_VERSION = 1;
				DEVELOPMENT_TEAM = 2Y75AAKRC3;
				GENERATE_INFOPLIST_FILE = YES;
				MARKETING_VERSION = 1.0;
				PRODUCT_BUNDLE_IDENTIFIER = "au.com.nice.SwitfUI-ClockUITests";
				PRODUCT_NAME = "$(TARGET_NAME)";
				SWIFT_EMIT_LOC_STRINGS = NO;
				SWIFT_VERSION = 5.0;
				TARGETED_DEVICE_FAMILY = "1,2";
				TEST_TARGET_NAME = "SwitfUI Clock";
			};
			name = Debug;
		};
		A0EC0AB4286DDAD400E89E0F /* Release */ = {
			isa = XCBuildConfiguration;
			buildSettings = {
				CODE_SIGN_STYLE = Automatic;
				CURRENT_PROJECT_VERSION = 1;
				DEVELOPMENT_TEAM = 2Y75AAKRC3;
				GENERATE_INFOPLIST_FILE = YES;
				MARKETING_VERSION = 1.0;
				PRODUCT_BUNDLE_IDENTIFIER = "au.com.nice.SwitfUI-ClockUITests";
				PRODUCT_NAME = "$(TARGET_NAME)";
				SWIFT_EMIT_LOC_STRINGS = NO;
				SWIFT_VERSION = 5.0;
				TARGETED_DEVICE_FAMILY = "1,2";
				TEST_TARGET_NAME = "SwitfUI Clock";
			};
			name = Release;
		};
		A0F71C00286DAF0A00723A1C /* Debug */ = {
			isa = XCBuildConfiguration;
			buildSettings = {
				BUNDLE_LOADER = "$(TEST_HOST)";
				CODE_SIGN_STYLE = Automatic;
				CURRENT_PROJECT_VERSION = 1;
				DEVELOPMENT_TEAM = 2Y75AAKRC3;
				GENERATE_INFOPLIST_FILE = YES;
				MARKETING_VERSION = 1.0;
				PRODUCT_BUNDLE_IDENTIFIER = "au.com.nice.SwitfUI-ClockTests";
				PRODUCT_NAME = "$(TARGET_NAME)";
				SWIFT_EMIT_LOC_STRINGS = NO;
				SWIFT_VERSION = 5.0;
				TARGETED_DEVICE_FAMILY = "1,2";
				TEST_HOST = "$(BUILT_PRODUCTS_DIR)/SwitfUI Clock.app/SwitfUI Clock";
			};
			name = Debug;
		};
		A0F71C01286DAF0A00723A1C /* Release */ = {
			isa = XCBuildConfiguration;
			buildSettings = {
				BUNDLE_LOADER = "$(TEST_HOST)";
				CODE_SIGN_STYLE = Automatic;
				CURRENT_PROJECT_VERSION = 1;
				DEVELOPMENT_TEAM = 2Y75AAKRC3;
				GENERATE_INFOPLIST_FILE = YES;
				MARKETING_VERSION = 1.0;
				PRODUCT_BUNDLE_IDENTIFIER = "au.com.nice.SwitfUI-ClockTests";
				PRODUCT_NAME = "$(TARGET_NAME)";
				SWIFT_EMIT_LOC_STRINGS = NO;
				SWIFT_VERSION = 5.0;
				TARGETED_DEVICE_FAMILY = "1,2";
				TEST_HOST = "$(BUILT_PRODUCTS_DIR)/SwitfUI Clock.app/SwitfUI Clock";
			};
			name = Release;
		};
/* End XCBuildConfiguration section */

/* Begin XCConfigurationList section */
		A0135679284394E20018A4A5 /* Build configuration list for PBXProject "SwitfUI Clock" */ = {
			isa = XCConfigurationList;
			buildConfigurations = (
				A013568A284394E40018A4A5 /* Debug */,
				A013568B284394E40018A4A5 /* Release */,
			);
			defaultConfigurationIsVisible = 0;
			defaultConfigurationName = Release;
		};
		A013568C284394E40018A4A5 /* Build configuration list for PBXNativeTarget "SwitfUI Clock" */ = {
			isa = XCConfigurationList;
			buildConfigurations = (
				A013568D284394E40018A4A5 /* Debug */,
				A013568E284394E40018A4A5 /* Release */,
			);
			defaultConfigurationIsVisible = 0;
			defaultConfigurationName = Release;
		};
		A0C9A3A42ADDEE0D002ADE8A /* Build configuration list for PBXNativeTarget "SwiftUIClockExtWidgetExtension" */ = {
			isa = XCConfigurationList;
			buildConfigurations = (
				A0C9A3A52ADDEE0D002ADE8A /* Debug */,
				A0C9A3A62ADDEE0D002ADE8A /* Release */,
			);
			defaultConfigurationIsVisible = 0;
			defaultConfigurationName = Release;
		};
		A0EC0AB5286DDAD400E89E0F /* Build configuration list for PBXNativeTarget "SwitfUI ClockUITests" */ = {
			isa = XCConfigurationList;
			buildConfigurations = (
				A0EC0AB3286DDAD400E89E0F /* Debug */,
				A0EC0AB4286DDAD400E89E0F /* Release */,
			);
			defaultConfigurationIsVisible = 0;
			defaultConfigurationName = Release;
		};
		A0F71BFF286DAF0A00723A1C /* Build configuration list for PBXNativeTarget "SwitfUI ClockTests" */ = {
			isa = XCConfigurationList;
			buildConfigurations = (
				A0F71C00286DAF0A00723A1C /* Debug */,
				A0F71C01286DAF0A00723A1C /* Release */,
			);
			defaultConfigurationIsVisible = 0;
			defaultConfigurationName = Release;
		};
/* End XCConfigurationList section */
	};
	rootObject = A0135676284394E20018A4A5 /* Project object */;
}
